[[package]]
name = "pyyaml"
version = "6.0"
description = "YAML parser and emitter for Python"
category = "main"
optional = false
python-versions = ">=3.6"

[metadata]
lock-version = "1.1"
python-versions = "^3.10"
content-hash = "c01ed8b8bf34541d805878eb3e4240eef17df332dd70036f32f2070fd0c3f720"

[metadata.files]
pyyaml = []
